{
  "name": "hono-zod-validator-i18n",
  "version": "1.0.0",
  "lockfileVersion": 3,
  "requires": true,
  "packages": {
    "": {
      "name": "hono-zod-validator-i18n",
      "version": "1.0.0",
      "license": "MIT",
      "dependencies": {
        "@hono/zod-validator": "^0.2.2",
        "@intlify/hono": "^0.1.1",
        "zod": "^3.23.8"
      },
      "devDependencies": {
        "typescript": "^5.5.4"
      }
    },
    "node_modules/@hono/zod-validator": {
      "version": "0.2.2",
      "resolved": "https://registry.npmjs.org/@hono/zod-validator/-/zod-validator-0.2.2.tgz",
      "integrity": "sha512-dSDxaPV70Py8wuIU2QNpoVEIOSzSXZ/6/B/h4xA7eOMz7+AarKTSGV8E6QwrdcCbBLkpqfJ4Q2TmBO0eP1tCBQ==",
      "license": "MIT",
      "peerDependencies": {
        "hono": ">=3.9.0",
        "zod": "^3.19.1"
      }
    },
    "node_modules/@intlify/core": {
      "name": "@intlify/core-edge",
      "version": "9.5.0-bd7ec22",
      "resolved": "https://registry.npmjs.org/@intlify/core-edge/-/core-edge-9.5.0-bd7ec22.tgz",
      "integrity": "sha512-8Y6SAYCTNHE6kwzzxVh3vDQtpmiuADoKqFaH1SYTa51o72ErS1JiEZibcj51KXafxm3ORSGW3UyHPv2JJR1I/Q==",
      "license": "MIT",
      "dependencies": {
        "@intlify/core-base": "npm:@intlify/core-base-edge@9.5.0-bd7ec22",
        "@intlify/shared": "npm:@intlify/shared-edge@9.5.0-bd7ec22"
      },
      "engines": {
        "node": ">= 16"
      },
      "funding": {
        "url": "https://github.com/sponsors/kazupon"
      }
    },
    "node_modules/@intlify/core-base": {
      "name": "@intlify/core-base-edge",
      "version": "9.5.0-bd7ec22",
      "resolved": "https://registry.npmjs.org/@intlify/core-base-edge/-/core-base-edge-9.5.0-bd7ec22.tgz",
      "integrity": "sha512-w4ZXDgGPNQ+E5l99stUWDGTbik8uaJkeMsLLk1QwvDG1fwZiP3z08owUFDAmBp0ewSQLT0SXedNQfUX5NSjTJQ==",
      "license": "MIT",
      "dependencies": {
        "@intlify/message-compiler": "npm:@intlify/message-compiler-edge@9.5.0-bd7ec22",
        "@intlify/shared": "npm:@intlify/shared-edge@9.5.0-bd7ec22"
      },
      "engines": {
        "node": ">= 16"
      },
      "funding": {
        "url": "https://github.com/sponsors/kazupon"
      }
    },
    "node_modules/@intlify/hono": {
      "version": "0.1.1",
      "resolved": "https://registry.npmjs.org/@intlify/hono/-/hono-0.1.1.tgz",
      "integrity": "sha512-MJHCti+oIsG0FGyROsG5d301i5zIjCsHsEoJJsjLckobNM/pQZxknB/xTOu53UkDfhOzehRgbelcQawfRf1L9A==",
      "license": "MIT",
      "dependencies": {
        "@intlify/core": "npm:@intlify/core-edge@9.5.0-bd7ec22",
        "@intlify/utils": "^0.11.1"
      },
      "engines": {
        "node": ">= 18"
      },
      "funding": {
        "url": "https://github.com/sponsors/kazupon"
      }
    },
    "node_modules/@intlify/message-compiler": {
      "name": "@intlify/message-compiler-edge",
      "version": "9.5.0-bd7ec22",
      "resolved": "https://registry.npmjs.org/@intlify/message-compiler-edge/-/message-compiler-edge-9.5.0-bd7ec22.tgz",
      "integrity": "sha512-XfRx8rv27hx6Is7HmEiQSy/8+/YicS7OahvMwpre7Dm+fxdL5eaUW3tqGe6+oSKJThyeSmJIwVN8wQ1N8WEjBQ==",
      "license": "MIT",
      "dependencies": {
        "@intlify/shared": "npm:@intlify/shared-edge@9.5.0-bd7ec22",
        "source-map-js": "^1.0.2"
      },
      "engines": {
        "node": ">= 16"
      },
      "funding": {
        "url": "https://github.com/sponsors/kazupon"
      }
    },
    "node_modules/@intlify/shared": {
      "name": "@intlify/shared-edge",
      "version": "9.5.0-bd7ec22",
      "resolved": "https://registry.npmjs.org/@intlify/shared-edge/-/shared-edge-9.5.0-bd7ec22.tgz",
      "integrity": "sha512-/66ccNR95ENE4kFrb5slZ8fBf9sx0fVkKMW3MtICwFJ8HlTcnPlIGgKOtoE6O61521oqQCS6xnq8Tv/jy3IBaA==",
      "license": "MIT",
      "engines": {
        "node": ">= 16"
      },
      "funding": {
        "url": "https://github.com/sponsors/kazupon"
      }
    },
    "node_modules/@intlify/utils": {
      "version": "0.11.1",
      "resolved": "https://registry.npmjs.org/@intlify/utils/-/utils-0.11.1.tgz",
      "integrity": "sha512-nP3EjYFcTXfbBws8FJHcYQ7JdgIvpmEd99MlfTaTnqM8GSrRQUZh2sn5awhbnjcd0xQ8vWGX/OLNDumvd7sjDg==",
      "license": "MIT",
      "engines": {
        "node": ">= 18"
      },
      "funding": {
        "url": "https://github.com/sponsors/kazupon"
      }
    },
    "node_modules/hono": {
      "version": "4.5.5",
      "resolved": "https://registry.npmjs.org/hono/-/hono-4.5.5.tgz",
      "integrity": "sha512-fXBXHqaVfimWofbelLXci8pZyIwBMkDIwCa4OwZvK+xVbEyYLELVP4DfbGaj1aEM6ZY3hHgs4qLvCO2ChkhgQw==",
      "license": "MIT",
      "peer": true,
      "engines": {
        "node": ">=16.0.0"
      }
    },
    "node_modules/source-map-js": {
      "version": "1.2.0",
      "resolved": "https://registry.npmjs.org/source-map-js/-/source-map-js-1.2.0.tgz",
      "integrity": "sha512-itJW8lvSA0TXEphiRoawsCksnlf8SyvmFzIhltqAHluXd88pkCd+cXJVHTDwdCr0IzwptSm035IHQktUu1QUMg==",
      "license": "BSD-3-Clause",
      "engines": {
        "node": ">=0.10.0"
      }
    },
    "node_modules/typescript": {
      "version": "5.5.4",
      "resolved": "https://registry.npmjs.org/typescript/-/typescript-5.5.4.tgz",
      "integrity": "sha512-Mtq29sKDAEYP7aljRgtPOpTvOfbwRWlS6dPRzwjdE+C0R4brX/GUyhHSecbHMFLNBLcJIPt9nl9yG5TZ1weH+Q==",
      "dev": true,
      "license": "Apache-2.0",
      "bin": {
        "tsc": "bin/tsc",
        "tsserver": "bin/tsserver"
      },
      "engines": {
        "node": ">=14.17"
      }
    },
    "node_modules/zod": {
      "version": "3.23.8",
      "resolved": "https://registry.npmjs.org/zod/-/zod-3.23.8.tgz",
      "integrity": "sha512-XBx9AXhXktjUqnepgTiE5flcKIYWi/rme0Eaj+5Y0lftuGBq+jyRu/md4WnuxqgP1ubdpNCsYEYPxrzVHD8d6g==",
      "license": "MIT",
      "funding": {
        "url": "https://github.com/sponsors/colinhacks"
      }
    }
  }
}
